
Microsoft Visual Studio Solution File, Format Version 12.00
# Visual Studio Version 17
VisualStudioVersion = 17.0.31903.59
MinimumVisualStudioVersion = 10.0.40219.1
Project("{FAE04EC0-301F-11D3-BF4B-00C04F79EFBC}") = "KASHOP.PL", "KASHOP.PL\KASHOP.PL.csproj", "{C437FF77-9510-47E4-ACD9-DE74B4391923}"
EndProject
Project("{FAE04EC0-301F-11D3-BF4B-00C04F79EFBC}") = "KASHOP.DAL", "KASHOP.DAL\KASHOP.DAL.csproj", "{39FC4EBF-B49E-4431-969A-188383C36136}"
EndProject
Project("{FAE04EC0-301F-11D3-BF4B-00C04F79EFBC}") = "KASHOP.BLL", "KASHOP.BLL\KASHOP.BLL.csproj", "{4F26993F-8B3E-46FB-8B79-44C4906026C9}"
EndProject
Global
	GlobalSection(SolutionConfigurationPlatforms) = preSolution
		Debug|Any CPU = Debug|Any CPU
		Release|Any CPU = Release|Any CPU
	EndGlobalSection
	GlobalSection(SolutionProperties) = preSolution
		HideSolutionNode = FALSE
	EndGlobalSection
	GlobalSection(ProjectConfigurationPlatforms) = postSolution
		{C437FF77-9510-47E4-ACD9-DE74B4391923}.Debug|Any CPU.ActiveCfg = Debug|Any CPU
		{C437FF77-9510-47E4-ACD9-DE74B4391923}.Debug|Any CPU.Build.0 = Debug|Any CPU
		{C437FF77-9510-47E4-ACD9-DE74B4391923}.Release|Any CPU.ActiveCfg = Release|Any CPU
		{C437FF77-9510-47E4-ACD9-DE74B4391923}.Release|Any CPU.Build.0 = Release|Any CPU
		{39FC4EBF-B49E-4431-969A-188383C36136}.Debug|Any CPU.ActiveCfg = Debug|Any CPU
		{39FC4EBF-B49E-4431-969A-188383C36136}.Debug|Any CPU.Build.0 = Debug|Any CPU
		{39FC4EBF-B49E-4431-969A-188383C36136}.Release|Any CPU.ActiveCfg = Release|Any CPU
		{39FC4EBF-B49E-4431-969A-188383C36136}.Release|Any CPU.Build.0 = Release|Any CPU
		{4F26993F-8B3E-46FB-8B79-44C4906026C9}.Debug|Any CPU.ActiveCfg = Debug|Any CPU
		{4F26993F-8B3E-46FB-8B79-44C4906026C9}.Debug|Any CPU.Build.0 = Debug|Any CPU
		{4F26993F-8B3E-46FB-8B79-44C4906026C9}.Release|Any CPU.ActiveCfg = Release|Any CPU
		{4F26993F-8B3E-46FB-8B79-44C4906026C9}.Release|Any CPU.Build.0 = Release|Any CPU
	EndGlobalSection
EndGlobal
